// !$*UTF8*$!
{
	archiveVersion = 1;
	classes = {
	};
	objectVersion = 46;
	objects = {

/* Begin PBXAggregateTarget section */
		ABBDD13C16FA4376002D7BE3 /* Framework */ = {
			isa = PBXAggregateTarget;
			buildConfigurationList = ABBDD13D16FA4376002D7BE3 /* Build configuration list for PBXAggregateTarget "Framework" */;
			buildPhases = (
				ABBDD14216FA43A7002D7BE3 /* ShellScript */,
			);
			dependencies = (
				ABBDD14116FA4383002D7BE3 /* PBXTargetDependency */,
			);
			name = Framework;
			productName = Framework;
		};
/* End PBXAggregateTarget section */

/* Begin PBXBuildFile section */
		25231BDEAAE9C525C764B979 /* FirebaseMock.m in Sources */ = {isa = PBXBuildFile; fileRef = 252311621601A4B76D52F307 /* FirebaseMock.m */; };
		A4DD1C3C1BBF2E1700118A61 /* SomeOtherEntity+CoreDataProperties.m in Sources */ = {isa = PBXBuildFile; fileRef = A4DD1C391BBF2E1700118A61 /* SomeOtherEntity+CoreDataProperties.m */; settings = {ASSET_TAGS = (); }; };
		A4DD1C3D1BBF2E1700118A61 /* SomeOtherEntity.m in Sources */ = {isa = PBXBuildFile; fileRef = A4DD1C3B1BBF2E1700118A61 /* SomeOtherEntity.m */; settings = {ASSET_TAGS = (); }; };
		ABBDD08C16FA31DB002D7BE3 /* Foundation.framework in Frameworks */ = {isa = PBXBuildFile; fileRef = ABBDD08B16FA31DB002D7BE3 /* Foundation.framework */; };
		ABBDD09116FA31DB002D7BE3 /* FireData.h in CopyFiles */ = {isa = PBXBuildFile; fileRef = ABBDD09016FA31DB002D7BE3 /* FireData.h */; };
		ABBDD09316FA31DB002D7BE3 /* FireData.m in Sources */ = {isa = PBXBuildFile; fileRef = ABBDD09216FA31DB002D7BE3 /* FireData.m */; };
		ABBDD09D16FA31DC002D7BE3 /* UIKit.framework in Frameworks */ = {isa = PBXBuildFile; fileRef = ABBDD09C16FA31DC002D7BE3 /* UIKit.framework */; };
		ABBDD09E16FA31DC002D7BE3 /* Foundation.framework in Frameworks */ = {isa = PBXBuildFile; fileRef = ABBDD08B16FA31DB002D7BE3 /* Foundation.framework */; };
		ABBDD0A716FA31DC002D7BE3 /* InfoPlist.strings in Resources */ = {isa = PBXBuildFile; fileRef = ABBDD0A516FA31DC002D7BE3 /* InfoPlist.strings */; };
		ABBDD0BD16FA34A0002D7BE3 /* CoreData.framework in Frameworks */ = {isa = PBXBuildFile; fileRef = ABBDD0BC16FA34A0002D7BE3 /* CoreData.framework */; };
		ABBDD0C016FA359E002D7BE3 /* NSManagedObject+FireData.m in Sources */ = {isa = PBXBuildFile; fileRef = ABBDD0BF16FA359D002D7BE3 /* NSManagedObject+FireData.m */; };
		ABBDD13416FA392D002D7BE3 /* FireDataISO8601DateFormatter.m in Sources */ = {isa = PBXBuildFile; fileRef = ABBDD13316FA392D002D7BE3 /* FireDataISO8601DateFormatter.m */; };
		ABBDD13A16FA3C52002D7BE3 /* CoreData.framework in Frameworks */ = {isa = PBXBuildFile; fileRef = ABBDD0BC16FA34A0002D7BE3 /* CoreData.framework */; };
		E11F4FBA7BDC85C39FA9C66C /* libPods-FireDataTests.a in Frameworks */ = {isa = PBXBuildFile; fileRef = 981A5DC5BDD507A86D33DFE6 /* libPods-FireDataTests.a */; };
		F86F9232CDE23DFFD36FCE08 /* libPods.a in Frameworks */ = {isa = PBXBuildFile; fileRef = ECBA9EAF6E7C29812C92BDEA /* libPods.a */; };
		FE17945A1B5834D700FF63BD /* FireDataSpec.m in Sources */ = {isa = PBXBuildFile; fileRef = FE1794591B5834D700FF63BD /* FireDataSpec.m */; };
		FE61B4C41BA2410F00355A26 /* NSManagedObject+FireData.m in Sources */ = {isa = PBXBuildFile; fileRef = ABBDD0BF16FA359D002D7BE3 /* NSManagedObject+FireData.m */; };
		FE61B4C51BA2410F00355A26 /* FireDataISO8601DateFormatter.m in Sources */ = {isa = PBXBuildFile; fileRef = ABBDD13316FA392D002D7BE3 /* FireDataISO8601DateFormatter.m */; };
		FE61B4C81BA2410F00355A26 /* CoreData.framework in Frameworks */ = {isa = PBXBuildFile; fileRef = ABBDD0BC16FA34A0002D7BE3 /* CoreData.framework */; };
		FE61B4C91BA2410F00355A26 /* UIKit.framework in Frameworks */ = {isa = PBXBuildFile; fileRef = ABBDD09C16FA31DC002D7BE3 /* UIKit.framework */; };
		FE61B4CA1BA2410F00355A26 /* Foundation.framework in Frameworks */ = {isa = PBXBuildFile; fileRef = ABBDD08B16FA31DB002D7BE3 /* Foundation.framework */; };
		FE61B4CB1BA2410F00355A26 /* libPods-FireDataTests.a in Frameworks */ = {isa = PBXBuildFile; fileRef = 981A5DC5BDD507A86D33DFE6 /* libPods-FireDataTests.a */; };
		FE61B4CD1BA2410F00355A26 /* InfoPlist.strings in Resources */ = {isa = PBXBuildFile; fileRef = ABBDD0A516FA31DC002D7BE3 /* InfoPlist.strings */; };
		FE61B4D41BA2418400355A26 /* FireData.m in Sources */ = {isa = PBXBuildFile; fileRef = ABBDD09216FA31DB002D7BE3 /* FireData.m */; settings = {ASSET_TAGS = (); }; };
		FE61B4D51BA2418500355A26 /* FireData.m in Sources */ = {isa = PBXBuildFile; fileRef = ABBDD09216FA31DB002D7BE3 /* FireData.m */; settings = {ASSET_TAGS = (); }; };
		FE61B4D61BA2418A00355A26 /* NSManagedObject+FireData.m in Sources */ = {isa = PBXBuildFile; fileRef = ABBDD0BF16FA359D002D7BE3 /* NSManagedObject+FireData.m */; settings = {ASSET_TAGS = (); }; };
		FE61B4D71BA2419300355A26 /* FireDataISO8601DateFormatter.m in Sources */ = {isa = PBXBuildFile; fileRef = ABBDD13316FA392D002D7BE3 /* FireDataISO8601DateFormatter.m */; settings = {ASSET_TAGS = (); }; };
		FE61B4D91BA242DD00355A26 /* FireDataIntegrationSpec.m in Sources */ = {isa = PBXBuildFile; fileRef = FE61B4D81BA242DD00355A26 /* FireDataIntegrationSpec.m */; settings = {ASSET_TAGS = (); }; };
		FE61B5071BA2451D00355A26 /* SomeEntity+CoreDataProperties.m in Sources */ = {isa = PBXBuildFile; fileRef = FE61B5041BA2451D00355A26 /* SomeEntity+CoreDataProperties.m */; settings = {ASSET_TAGS = (); }; };
		FE61B5081BA2451D00355A26 /* SomeEntity.m in Sources */ = {isa = PBXBuildFile; fileRef = FE61B5061BA2451D00355A26 /* SomeEntity.m */; settings = {ASSET_TAGS = (); }; };
		FE61B50D1BA24B2D00355A26 /* CoreDataManager.m in Sources */ = {isa = PBXBuildFile; fileRef = FE61B50A1BA2457200355A26 /* CoreDataManager.m */; settings = {ASSET_TAGS = (); }; };
		FE61B50E1BA24B3800355A26 /* CoreDataManager.m in Sources */ = {isa = PBXBuildFile; fileRef = FE61B50A1BA2457200355A26 /* CoreDataManager.m */; settings = {ASSET_TAGS = (); }; };
		FE61B50F1BA24B4400355A26 /* DataModel.xcdatamodeld in Sources */ = {isa = PBXBuildFile; fileRef = FE61B5001BA244D600355A26 /* DataModel.xcdatamodeld */; settings = {ASSET_TAGS = (); }; };
/* End PBXBuildFile section */

/* Begin PBXContainerItemProxy section */
		ABBDD09F16FA31DC002D7BE3 /* PBXContainerItemProxy */ = {
			isa = PBXContainerItemProxy;
			containerPortal = ABBDD08016FA31DB002D7BE3 /* Project object */;
			proxyType = 1;
			remoteGlobalIDString = ABBDD08716FA31DB002D7BE3;
			remoteInfo = FireData;
		};
		ABBDD14016FA4383002D7BE3 /* PBXContainerItemProxy */ = {
			isa = PBXContainerItemProxy;
			containerPortal = ABBDD08016FA31DB002D7BE3 /* Project object */;
			proxyType = 1;
			remoteGlobalIDString = ABBDD08716FA31DB002D7BE3;
			remoteInfo = FireData;
		};
		FE61B4BF1BA2410F00355A26 /* PBXContainerItemProxy */ = {
			isa = PBXContainerItemProxy;
			containerPortal = ABBDD08016FA31DB002D7BE3 /* Project object */;
			proxyType = 1;
			remoteGlobalIDString = ABBDD08716FA31DB002D7BE3;
			remoteInfo = FireData;
		};
/* End PBXContainerItemProxy section */

/* Begin PBXCopyFilesBuildPhase section */
		ABBDD08616FA31DB002D7BE3 /* CopyFiles */ = {
			isa = PBXCopyFilesBuildPhase;
			buildActionMask = 2147483647;
			dstPath = Headers;
			dstSubfolderSpec = 16;
			files = (
				ABBDD09116FA31DB002D7BE3 /* FireData.h in CopyFiles */,
			);
			runOnlyForDeploymentPostprocessing = 0;
		};
/* End PBXCopyFilesBuildPhase section */

/* Begin PBXFileReference section */
		252311621601A4B76D52F307 /* FirebaseMock.m */ = {isa = PBXFileReference; fileEncoding = 4; lastKnownFileType = sourcecode.c.objc; path = FirebaseMock.m; sourceTree = "<group>"; };
		252316541E7D66555DC5A6D6 /* FirebaseMock.h */ = {isa = PBXFileReference; fileEncoding = 4; lastKnownFileType = sourcecode.c.h; path = FirebaseMock.h; sourceTree = "<group>"; };
		345B1B46646448A3A3074F8C /* Pods.debug.xcconfig */ = {isa = PBXFileReference; includeInIndex = 1; lastKnownFileType = text.xcconfig; name = Pods.debug.xcconfig; path = "Pods/Target Support Files/Pods/Pods.debug.xcconfig"; sourceTree = "<group>"; };
		35EB57860265702938F33491 /* Pods-FireDataTests.debug.xcconfig */ = {isa = PBXFileReference; includeInIndex = 1; lastKnownFileType = text.xcconfig; name = "Pods-FireDataTests.debug.xcconfig"; path = "Pods/Target Support Files/Pods-FireDataTests/Pods-FireDataTests.debug.xcconfig"; sourceTree = "<group>"; };
		981A5DC5BDD507A86D33DFE6 /* libPods-FireDataTests.a */ = {isa = PBXFileReference; explicitFileType = archive.ar; includeInIndex = 0; path = "libPods-FireDataTests.a"; sourceTree = BUILT_PRODUCTS_DIR; };
		9EFB7545209483DB95D4816C /* Pods.release.xcconfig */ = {isa = PBXFileReference; includeInIndex = 1; lastKnownFileType = text.xcconfig; name = Pods.release.xcconfig; path = "Pods/Target Support Files/Pods/Pods.release.xcconfig"; sourceTree = "<group>"; };
		A4DD1C381BBF2E1700118A61 /* SomeOtherEntity+CoreDataProperties.h */ = {isa = PBXFileReference; fileEncoding = 4; lastKnownFileType = sourcecode.c.h; path = "SomeOtherEntity+CoreDataProperties.h"; sourceTree = "<group>"; };
		A4DD1C391BBF2E1700118A61 /* SomeOtherEntity+CoreDataProperties.m */ = {isa = PBXFileReference; fileEncoding = 4; lastKnownFileType = sourcecode.c.objc; path = "SomeOtherEntity+CoreDataProperties.m"; sourceTree = "<group>"; };
		A4DD1C3A1BBF2E1700118A61 /* SomeOtherEntity.h */ = {isa = PBXFileReference; fileEncoding = 4; lastKnownFileType = sourcecode.c.h; path = SomeOtherEntity.h; sourceTree = "<group>"; };
		A4DD1C3B1BBF2E1700118A61 /* SomeOtherEntity.m */ = {isa = PBXFileReference; fileEncoding = 4; lastKnownFileType = sourcecode.c.objc; path = SomeOtherEntity.m; sourceTree = "<group>"; };
		ABBDD08816FA31DB002D7BE3 /* libFireData.a */ = {isa = PBXFileReference; explicitFileType = archive.ar; includeInIndex = 0; path = libFireData.a; sourceTree = BUILT_PRODUCTS_DIR; };
		ABBDD08B16FA31DB002D7BE3 /* Foundation.framework */ = {isa = PBXFileReference; lastKnownFileType = wrapper.framework; name = Foundation.framework; path = System/Library/Frameworks/Foundation.framework; sourceTree = SDKROOT; };
		ABBDD08F16FA31DB002D7BE3 /* FireData-Prefix.pch */ = {isa = PBXFileReference; lastKnownFileType = sourcecode.c.h; path = "FireData-Prefix.pch"; sourceTree = "<group>"; };
		ABBDD09016FA31DB002D7BE3 /* FireData.h */ = {isa = PBXFileReference; lastKnownFileType = sourcecode.c.h; path = FireData.h; sourceTree = "<group>"; };
		ABBDD09216FA31DB002D7BE3 /* FireData.m */ = {isa = PBXFileReference; lastKnownFileType = sourcecode.c.objc; path = FireData.m; sourceTree = "<group>"; };
		ABBDD09916FA31DC002D7BE3 /* FireDataTests.xctest */ = {isa = PBXFileReference; explicitFileType = wrapper.cfbundle; includeInIndex = 0; path = FireDataTests.xctest; sourceTree = BUILT_PRODUCTS_DIR; };
		ABBDD09C16FA31DC002D7BE3 /* UIKit.framework */ = {isa = PBXFileReference; lastKnownFileType = wrapper.framework; name = UIKit.framework; path = Library/Frameworks/UIKit.framework; sourceTree = DEVELOPER_DIR; };
		ABBDD0A416FA31DC002D7BE3 /* FireDataTests-Info.plist */ = {isa = PBXFileReference; lastKnownFileType = text.plist.xml; path = "FireDataTests-Info.plist"; sourceTree = "<group>"; };
		ABBDD0A616FA31DC002D7BE3 /* en */ = {isa = PBXFileReference; lastKnownFileType = text.plist.strings; name = en; path = en.lproj/InfoPlist.strings; sourceTree = "<group>"; };
		ABBDD0BC16FA34A0002D7BE3 /* CoreData.framework */ = {isa = PBXFileReference; lastKnownFileType = wrapper.framework; name = CoreData.framework; path = System/Library/Frameworks/CoreData.framework; sourceTree = SDKROOT; };
		ABBDD0BE16FA359D002D7BE3 /* NSManagedObject+FireData.h */ = {isa = PBXFileReference; fileEncoding = 4; lastKnownFileType = sourcecode.c.h; path = "NSManagedObject+FireData.h"; sourceTree = "<group>"; };
		ABBDD0BF16FA359D002D7BE3 /* NSManagedObject+FireData.m */ = {isa = PBXFileReference; fileEncoding = 4; lastKnownFileType = sourcecode.c.objc; path = "NSManagedObject+FireData.m"; sourceTree = "<group>"; };
		ABBDD13216FA392D002D7BE3 /* FireDataISO8601DateFormatter.h */ = {isa = PBXFileReference; fileEncoding = 4; lastKnownFileType = sourcecode.c.h; path = FireDataISO8601DateFormatter.h; sourceTree = "<group>"; };
		ABBDD13316FA392D002D7BE3 /* FireDataISO8601DateFormatter.m */ = {isa = PBXFileReference; fileEncoding = 4; lastKnownFileType = sourcecode.c.objc; path = FireDataISO8601DateFormatter.m; sourceTree = "<group>"; };
		ECBA9EAF6E7C29812C92BDEA /* libPods.a */ = {isa = PBXFileReference; explicitFileType = archive.ar; includeInIndex = 0; path = libPods.a; sourceTree = BUILT_PRODUCTS_DIR; };
		FA00FC918A10DBECB5FF9CF4 /* Pods-FireDataTests.release.xcconfig */ = {isa = PBXFileReference; includeInIndex = 1; lastKnownFileType = text.xcconfig; name = "Pods-FireDataTests.release.xcconfig"; path = "Pods/Target Support Files/Pods-FireDataTests/Pods-FireDataTests.release.xcconfig"; sourceTree = "<group>"; };
		FE1794591B5834D700FF63BD /* FireDataSpec.m */ = {isa = PBXFileReference; fileEncoding = 4; lastKnownFileType = sourcecode.c.objc; path = FireDataSpec.m; sourceTree = "<group>"; };
		FE61B4D21BA2410F00355A26 /* IntegrationTests.xctest */ = {isa = PBXFileReference; explicitFileType = wrapper.cfbundle; includeInIndex = 0; path = IntegrationTests.xctest; sourceTree = BUILT_PRODUCTS_DIR; };
		FE61B4D31BA2410F00355A26 /* FireDataTests copy-Info.plist */ = {isa = PBXFileReference; lastKnownFileType = text.plist.xml; name = "FireDataTests copy-Info.plist"; path = "/Users/lyahdav/Documents/FireData/FireDataTests copy-Info.plist"; sourceTree = "<absolute>"; };
		FE61B4D81BA242DD00355A26 /* FireDataIntegrationSpec.m */ = {isa = PBXFileReference; fileEncoding = 4; lastKnownFileType = sourcecode.c.objc; path = FireDataIntegrationSpec.m; sourceTree = "<group>"; };
		FE61B5011BA244D600355A26 /* DataModel.xcdatamodel */ = {isa = PBXFileReference; lastKnownFileType = wrapper.xcdatamodel; path = DataModel.xcdatamodel; sourceTree = "<group>"; };
		FE61B5031BA2451D00355A26 /* SomeEntity+CoreDataProperties.h */ = {isa = PBXFileReference; fileEncoding = 4; lastKnownFileType = sourcecode.c.h; path = "SomeEntity+CoreDataProperties.h"; sourceTree = "<group>"; };
		FE61B5041BA2451D00355A26 /* SomeEntity+CoreDataProperties.m */ = {isa = PBXFileReference; fileEncoding = 4; lastKnownFileType = sourcecode.c.objc; path = "SomeEntity+CoreDataProperties.m"; sourceTree = "<group>"; };
		FE61B5051BA2451D00355A26 /* SomeEntity.h */ = {isa = PBXFileReference; fileEncoding = 4; lastKnownFileType = sourcecode.c.h; path = SomeEntity.h; sourceTree = "<group>"; };
		FE61B5061BA2451D00355A26 /* SomeEntity.m */ = {isa = PBXFileReference; fileEncoding = 4; lastKnownFileType = sourcecode.c.objc; path = SomeEntity.m; sourceTree = "<group>"; };
		FE61B5091BA2457200355A26 /* CoreDataManager.h */ = {isa = PBXFileReference; fileEncoding = 4; lastKnownFileType = sourcecode.c.h; path = CoreDataManager.h; sourceTree = "<group>"; };
		FE61B50A1BA2457200355A26 /* CoreDataManager.m */ = {isa = PBXFileReference; fileEncoding = 4; lastKnownFileType = sourcecode.c.objc; path = CoreDataManager.m; sourceTree = "<group>"; };
/* End PBXFileReference section */

/* Begin PBXFrameworksBuildPhase section */
		ABBDD08516FA31DB002D7BE3 /* Frameworks */ = {
			isa = PBXFrameworksBuildPhase;
			buildActionMask = 2147483647;
			files = (
				ABBDD0BD16FA34A0002D7BE3 /* CoreData.framework in Frameworks */,
				ABBDD08C16FA31DB002D7BE3 /* Foundation.framework in Frameworks */,
				F86F9232CDE23DFFD36FCE08 /* libPods.a in Frameworks */,
			);
			runOnlyForDeploymentPostprocessing = 0;
		};
		ABBDD09516FA31DC002D7BE3 /* Frameworks */ = {
			isa = PBXFrameworksBuildPhase;
			buildActionMask = 2147483647;
			files = (
				ABBDD13A16FA3C52002D7BE3 /* CoreData.framework in Frameworks */,
				ABBDD09D16FA31DC002D7BE3 /* UIKit.framework in Frameworks */,
				ABBDD09E16FA31DC002D7BE3 /* Foundation.framework in Frameworks */,
				E11F4FBA7BDC85C39FA9C66C /* libPods-FireDataTests.a in Frameworks */,
			);
			runOnlyForDeploymentPostprocessing = 0;
		};
		FE61B4C71BA2410F00355A26 /* Frameworks */ = {
			isa = PBXFrameworksBuildPhase;
			buildActionMask = 2147483647;
			files = (
				FE61B4C81BA2410F00355A26 /* CoreData.framework in Frameworks */,
				FE61B4C91BA2410F00355A26 /* UIKit.framework in Frameworks */,
				FE61B4CA1BA2410F00355A26 /* Foundation.framework in Frameworks */,
				FE61B4CB1BA2410F00355A26 /* libPods-FireDataTests.a in Frameworks */,
			);
			runOnlyForDeploymentPostprocessing = 0;
		};
/* End PBXFrameworksBuildPhase section */

/* Begin PBXGroup section */
		ABBDD07F16FA31DB002D7BE3 = {
			isa = PBXGroup;
			children = (
				ABBDD08D16FA31DB002D7BE3 /* FireData */,
				ABBDD0A216FA31DC002D7BE3 /* FireDataTests */,
				FE61B4BC1BA240FC00355A26 /* IntegrationTests */,
				ABBDD08A16FA31DB002D7BE3 /* Frameworks */,
				ABBDD08916FA31DB002D7BE3 /* Products */,
				FAEB708DB43114F9835C92E1 /* Pods */,
				FE61B4D31BA2410F00355A26 /* FireDataTests copy-Info.plist */,
			);
			sourceTree = "<group>";
		};
		ABBDD08916FA31DB002D7BE3 /* Products */ = {
			isa = PBXGroup;
			children = (
				ABBDD08816FA31DB002D7BE3 /* libFireData.a */,
				ABBDD09916FA31DC002D7BE3 /* FireDataTests.xctest */,
				FE61B4D21BA2410F00355A26 /* IntegrationTests.xctest */,
			);
			name = Products;
			sourceTree = "<group>";
		};
		ABBDD08A16FA31DB002D7BE3 /* Frameworks */ = {
			isa = PBXGroup;
			children = (
				ABBDD0BC16FA34A0002D7BE3 /* CoreData.framework */,
				ABBDD08B16FA31DB002D7BE3 /* Foundation.framework */,
				ABBDD09C16FA31DC002D7BE3 /* UIKit.framework */,
				981A5DC5BDD507A86D33DFE6 /* libPods-FireDataTests.a */,
				ECBA9EAF6E7C29812C92BDEA /* libPods.a */,
			);
			name = Frameworks;
			sourceTree = "<group>";
		};
		ABBDD08D16FA31DB002D7BE3 /* FireData */ = {
			isa = PBXGroup;
			children = (
				ABBDD09016FA31DB002D7BE3 /* FireData.h */,
				ABBDD09216FA31DB002D7BE3 /* FireData.m */,
				ABBDD13216FA392D002D7BE3 /* FireDataISO8601DateFormatter.h */,
				ABBDD13316FA392D002D7BE3 /* FireDataISO8601DateFormatter.m */,
				ABBDD0BE16FA359D002D7BE3 /* NSManagedObject+FireData.h */,
				ABBDD0BF16FA359D002D7BE3 /* NSManagedObject+FireData.m */,
				ABBDD08E16FA31DB002D7BE3 /* Supporting Files */,
			);
			path = FireData;
			sourceTree = "<group>";
		};
		ABBDD08E16FA31DB002D7BE3 /* Supporting Files */ = {
			isa = PBXGroup;
			children = (
				ABBDD08F16FA31DB002D7BE3 /* FireData-Prefix.pch */,
			);
			name = "Supporting Files";
			sourceTree = "<group>";
		};
		ABBDD0A216FA31DC002D7BE3 /* FireDataTests */ = {
			isa = PBXGroup;
			children = (
				ABBDD0A316FA31DC002D7BE3 /* Supporting Files */,
				FE1794591B5834D700FF63BD /* FireDataSpec.m */,
			);
			path = FireDataTests;
			sourceTree = "<group>";
		};
		ABBDD0A316FA31DC002D7BE3 /* Supporting Files */ = {
			isa = PBXGroup;
			children = (
				ABBDD0A416FA31DC002D7BE3 /* FireDataTests-Info.plist */,
				ABBDD0A516FA31DC002D7BE3 /* InfoPlist.strings */,
				252311621601A4B76D52F307 /* FirebaseMock.m */,
				252316541E7D66555DC5A6D6 /* FirebaseMock.h */,
			);
			name = "Supporting Files";
			sourceTree = "<group>";
		};
		FAEB708DB43114F9835C92E1 /* Pods */ = {
			isa = PBXGroup;
			children = (
				35EB57860265702938F33491 /* Pods-FireDataTests.debug.xcconfig */,
				FA00FC918A10DBECB5FF9CF4 /* Pods-FireDataTests.release.xcconfig */,
				345B1B46646448A3A3074F8C /* Pods.debug.xcconfig */,
				9EFB7545209483DB95D4816C /* Pods.release.xcconfig */,
			);
			name = Pods;
			sourceTree = "<group>";
		};
		FE61B4BC1BA240FC00355A26 /* IntegrationTests */ = {
			isa = PBXGroup;
			children = (
				FE61B4D81BA242DD00355A26 /* FireDataIntegrationSpec.m */,
				FE61B5001BA244D600355A26 /* DataModel.xcdatamodeld */,
				A4DD1C381BBF2E1700118A61 /* SomeOtherEntity+CoreDataProperties.h */,
				A4DD1C391BBF2E1700118A61 /* SomeOtherEntity+CoreDataProperties.m */,
				A4DD1C3A1BBF2E1700118A61 /* SomeOtherEntity.h */,
				A4DD1C3B1BBF2E1700118A61 /* SomeOtherEntity.m */,
				FE61B5031BA2451D00355A26 /* SomeEntity+CoreDataProperties.h */,
				FE61B5041BA2451D00355A26 /* SomeEntity+CoreDataProperties.m */,
				FE61B5051BA2451D00355A26 /* SomeEntity.h */,
				FE61B5061BA2451D00355A26 /* SomeEntity.m */,
				FE61B5091BA2457200355A26 /* CoreDataManager.h */,
				FE61B50A1BA2457200355A26 /* CoreDataManager.m */,
			);
			name = IntegrationTests;
			sourceTree = "<group>";
		};
/* End PBXGroup section */

/* Begin PBXNativeTarget section */
		ABBDD08716FA31DB002D7BE3 /* FireData */ = {
			isa = PBXNativeTarget;
			buildConfigurationList = ABBDD0AD16FA31DC002D7BE3 /* Build configuration list for PBXNativeTarget "FireData" */;
			buildPhases = (
				821AEAEC38F18A4152205A74 /* Check Pods Manifest.lock */,
				ABBDD08416FA31DB002D7BE3 /* Sources */,
				ABBDD08516FA31DB002D7BE3 /* Frameworks */,
				ABBDD08616FA31DB002D7BE3 /* CopyFiles */,
				ABBDD13B16FA3FA1002D7BE3 /* Prepare Framework */,
				CE5AA9F5E584FD79DC8C3524 /* Copy Pods Resources */,
			);
			buildRules = (
			);
			dependencies = (
			);
			name = FireData;
			productName = FireData;
			productReference = ABBDD08816FA31DB002D7BE3 /* libFireData.a */;
			productType = "com.apple.product-type.library.static";
		};
		ABBDD09816FA31DC002D7BE3 /* FireDataTests */ = {
			isa = PBXNativeTarget;
			buildConfigurationList = ABBDD0B016FA31DC002D7BE3 /* Build configuration list for PBXNativeTarget "FireDataTests" */;
			buildPhases = (
				A771E1A0EB1E9EADA7337B2C /* Check Pods Manifest.lock */,
				ABBDD09416FA31DC002D7BE3 /* Sources */,
				ABBDD09516FA31DC002D7BE3 /* Frameworks */,
				ABBDD09616FA31DC002D7BE3 /* Resources */,
				355BA4F8C7B8BAED0301B301 /* Copy Pods Resources */,
			);
			buildRules = (
			);
			dependencies = (
				ABBDD0A016FA31DC002D7BE3 /* PBXTargetDependency */,
			);
			name = FireDataTests;
			productName = FireDataTests;
			productReference = ABBDD09916FA31DC002D7BE3 /* FireDataTests.xctest */;
			productType = "com.apple.product-type.bundle.unit-test";
		};
		FE61B4BD1BA2410F00355A26 /* IntegrationTests */ = {
			isa = PBXNativeTarget;
			buildConfigurationList = FE61B4CF1BA2410F00355A26 /* Build configuration list for PBXNativeTarget "IntegrationTests" */;
			buildPhases = (
				FE61B4C01BA2410F00355A26 /* Check Pods Manifest.lock */,
				FE61B4C11BA2410F00355A26 /* Sources */,
				FE61B4C71BA2410F00355A26 /* Frameworks */,
				FE61B4CC1BA2410F00355A26 /* Resources */,
				FE61B4CE1BA2410F00355A26 /* Copy Pods Resources */,
			);
			buildRules = (
			);
			dependencies = (
				FE61B4BE1BA2410F00355A26 /* PBXTargetDependency */,
			);
			name = IntegrationTests;
			productName = FireDataTests;
			productReference = FE61B4D21BA2410F00355A26 /* IntegrationTests.xctest */;
			productType = "com.apple.product-type.bundle.unit-test";
		};
/* End PBXNativeTarget section */

/* Begin PBXProject section */
		ABBDD08016FA31DB002D7BE3 /* Project object */ = {
			isa = PBXProject;
			attributes = {
				LastTestingUpgradeCheck = 0640;
				LastUpgradeCheck = 0700;
				ORGANIZATIONNAME = "Overcommitted, LLC.";
			};
			buildConfigurationList = ABBDD08316FA31DB002D7BE3 /* Build configuration list for PBXProject "FireData" */;
			compatibilityVersion = "Xcode 3.2";
			developmentRegion = English;
			hasScannedForEncodings = 0;
			knownRegions = (
				en,
			);
			mainGroup = ABBDD07F16FA31DB002D7BE3;
			productRefGroup = ABBDD08916FA31DB002D7BE3 /* Products */;
			projectDirPath = "";
			projectRoot = "";
			targets = (
				ABBDD08716FA31DB002D7BE3 /* FireData */,
				ABBDD09816FA31DC002D7BE3 /* FireDataTests */,
				ABBDD13C16FA4376002D7BE3 /* Framework */,
				FE61B4BD1BA2410F00355A26 /* IntegrationTests */,
			);
		};
/* End PBXProject section */

/* Begin PBXResourcesBuildPhase section */
		ABBDD09616FA31DC002D7BE3 /* Resources */ = {
			isa = PBXResourcesBuildPhase;
			buildActionMask = 2147483647;
			files = (
				ABBDD0A716FA31DC002D7BE3 /* InfoPlist.strings in Resources */,
			);
			runOnlyForDeploymentPostprocessing = 0;
		};
		FE61B4CC1BA2410F00355A26 /* Resources */ = {
			isa = PBXResourcesBuildPhase;
			buildActionMask = 2147483647;
			files = (
				FE61B4CD1BA2410F00355A26 /* InfoPlist.strings in Resources */,
			);
			runOnlyForDeploymentPostprocessing = 0;
		};
/* End PBXResourcesBuildPhase section */

/* Begin PBXShellScriptBuildPhase section */
		355BA4F8C7B8BAED0301B301 /* Copy Pods Resources */ = {
			isa = PBXShellScriptBuildPhase;
			buildActionMask = 2147483647;
			files = (
			);
			inputPaths = (
			);
			name = "Copy Pods Resources";
			outputPaths = (
			);
			runOnlyForDeploymentPostprocessing = 0;
			shellPath = /bin/sh;
			shellScript = "\"${SRCROOT}/Pods/Target Support Files/Pods-FireDataTests/Pods-FireDataTests-resources.sh\"\n";
			showEnvVarsInLog = 0;
		};
		821AEAEC38F18A4152205A74 /* Check Pods Manifest.lock */ = {
			isa = PBXShellScriptBuildPhase;
			buildActionMask = 2147483647;
			files = (
			);
			inputPaths = (
			);
			name = "Check Pods Manifest.lock";
			outputPaths = (
			);
			runOnlyForDeploymentPostprocessing = 0;
			shellPath = /bin/sh;
			shellScript = "diff \"${PODS_ROOT}/../Podfile.lock\" \"${PODS_ROOT}/Manifest.lock\" > /dev/null\nif [[ $? != 0 ]] ; then\n    cat << EOM\nerror: The sandbox is not in sync with the Podfile.lock. Run 'pod install' or update your CocoaPods installation.\nEOM\n    exit 1\nfi\n";
			showEnvVarsInLog = 0;
		};
		A771E1A0EB1E9EADA7337B2C /* Check Pods Manifest.lock */ = {
			isa = PBXShellScriptBuildPhase;
			buildActionMask = 2147483647;
			files = (
			);
			inputPaths = (
			);
			name = "Check Pods Manifest.lock";
			outputPaths = (
			);
			runOnlyForDeploymentPostprocessing = 0;
			shellPath = /bin/sh;
			shellScript = "diff \"${PODS_ROOT}/../Podfile.lock\" \"${PODS_ROOT}/Manifest.lock\" > /dev/null\nif [[ $? != 0 ]] ; then\n    cat << EOM\nerror: The sandbox is not in sync with the Podfile.lock. Run 'pod install' or update your CocoaPods installation.\nEOM\n    exit 1\nfi\n";
			showEnvVarsInLog = 0;
		};
		ABBDD13B16FA3FA1002D7BE3 /* Prepare Framework */ = {
			isa = PBXShellScriptBuildPhase;
			buildActionMask = 12;
			files = (
			);
			inputPaths = (
			);
			name = "Prepare Framework";
			outputPaths = (
			);
			runOnlyForDeploymentPostprocessing = 0;
			shellPath = /bin/sh;
			shellScript = "set -e\n\nmkdir -p \"${BUILT_PRODUCTS_DIR}/${PRODUCT_NAME}.framework/Versions/A/Headers\"\n\n# Link the \"Current\" version to \"A\"\n/bin/ln -sfh A \"${BUILT_PRODUCTS_DIR}/${PRODUCT_NAME}.framework/Versions/Current\"\n/bin/ln -sfh Versions/Current/Headers \"${BUILT_PRODUCTS_DIR}/${PRODUCT_NAME}.framework/Headers\"\n/bin/ln -sfh \"Versions/Current/${PRODUCT_NAME}\" \"${BUILT_PRODUCTS_DIR}/${PRODUCT_NAME}.framework/${PRODUCT_NAME}\"\n\n# The -a ensures that the headers maintain the source modification date so that we don't constantly\n# cause propagating rebuilds of files that import these headers.\n/bin/cp -a \"${TARGET_BUILD_DIR}/${PUBLIC_HEADERS_FOLDER_PATH}/\" \"${BUILT_PRODUCTS_DIR}/${PRODUCT_NAME}.framework/Versions/A/Headers\"\n";
		};
		ABBDD14216FA43A7002D7BE3 /* ShellScript */ = {
			isa = PBXShellScriptBuildPhase;
			buildActionMask = 2147483647;
			files = (
			);
			inputPaths = (
			);
			outputPaths = (
			);
			runOnlyForDeploymentPostprocessing = 0;
			shellPath = /bin/sh;
			shellScript = "set -e\nset +u\n# Avoid recursively calling this script.\nif [[ $SF_MASTER_SCRIPT_RUNNING ]]\nthen\nexit 0\nfi\nset -u\nexport SF_MASTER_SCRIPT_RUNNING=1\n\nSF_TARGET_NAME=${PROJECT_NAME}\nSF_EXECUTABLE_PATH=\"lib${SF_TARGET_NAME}.a\"\nSF_WRAPPER_NAME=\"${SF_TARGET_NAME}.framework\"\n\n# The following conditionals come from\n# https://github.com/kstenerud/iOS-Universal-Framework\n\nif [[ \"$SDK_NAME\" =~ ([A-Za-z]+) ]]\nthen\nSF_SDK_PLATFORM=${BASH_REMATCH[1]}\nelse\necho \"Could not find platform name from SDK_NAME: $SDK_NAME\"\nexit 1\nfi\n\nif [[ \"$SDK_NAME\" =~ ([0-9]+.*$) ]]\nthen\nSF_SDK_VERSION=${BASH_REMATCH[1]}\nelse\necho \"Could not find sdk version from SDK_NAME: $SDK_NAME\"\nexit 1\nfi\n\nif [[ \"$SF_SDK_PLATFORM\" = \"iphoneos\" ]]\nthen\nSF_OTHER_PLATFORM=iphonesimulator\nelse\nSF_OTHER_PLATFORM=iphoneos\nfi\n\nif [[ \"$BUILT_PRODUCTS_DIR\" =~ (.*)$SF_SDK_PLATFORM$ ]]\nthen\nSF_OTHER_BUILT_PRODUCTS_DIR=\"${BASH_REMATCH[1]}${SF_OTHER_PLATFORM}\"\nelse\necho \"Could not find platform name from build products directory: $BUILT_PRODUCTS_DIR\"\nexit 1\nfi\n\n# Build the other platform.\nxcodebuild -project \"${PROJECT_FILE_PATH}\" -target \"${TARGET_NAME}\" -configuration \"${CONFIGURATION}\" -sdk ${SF_OTHER_PLATFORM}${SF_SDK_VERSION} BUILD_DIR=\"${BUILD_DIR}\" OBJROOT=\"${OBJROOT}\" BUILD_ROOT=\"${BUILD_ROOT}\" SYMROOT=\"${SYMROOT}\" $ACTION\n\n# Smash the two static libraries into one fat binary and store it in the .framework\nlipo -create \"${BUILT_PRODUCTS_DIR}/${SF_EXECUTABLE_PATH}\" \"${SF_OTHER_BUILT_PRODUCTS_DIR}/${SF_EXECUTABLE_PATH}\" -output \"${BUILT_PRODUCTS_DIR}/${SF_WRAPPER_NAME}/Versions/A/${SF_TARGET_NAME}\"\n\n# Copy the binary to the other architecture folder to have a complete framework in both.\ncp -a \"${BUILT_PRODUCTS_DIR}/${SF_WRAPPER_NAME}/Versions/A/${SF_TARGET_NAME}\" \"${SF_OTHER_BUILT_PRODUCTS_DIR}/${SF_WRAPPER_NAME}/Versions/A/${SF_TARGET_NAME}\"\n";
		};
		CE5AA9F5E584FD79DC8C3524 /* Copy Pods Resources */ = {
			isa = PBXShellScriptBuildPhase;
			buildActionMask = 2147483647;
			files = (
			);
			inputPaths = (
			);
			name = "Copy Pods Resources";
			outputPaths = (
			);
			runOnlyForDeploymentPostprocessing = 0;
			shellPath = /bin/sh;
			shellScript = "\"${SRCROOT}/Pods/Target Support Files/Pods/Pods-resources.sh\"\n";
			showEnvVarsInLog = 0;
		};
		FE61B4C01BA2410F00355A26 /* Check Pods Manifest.lock */ = {
			isa = PBXShellScriptBuildPhase;
			buildActionMask = 2147483647;
			files = (
			);
			inputPaths = (
			);
			name = "Check Pods Manifest.lock";
			outputPaths = (
			);
			runOnlyForDeploymentPostprocessing = 0;
			shellPath = /bin/sh;
			shellScript = "diff \"${PODS_ROOT}/../Podfile.lock\" \"${PODS_ROOT}/Manifest.lock\" > /dev/null\nif [[ $? != 0 ]] ; then\n    cat << EOM\nerror: The sandbox is not in sync with the Podfile.lock. Run 'pod install' or update your CocoaPods installation.\nEOM\n    exit 1\nfi\n";
			showEnvVarsInLog = 0;
		};
		FE61B4CE1BA2410F00355A26 /* Copy Pods Resources */ = {
			isa = PBXShellScriptBuildPhase;
			buildActionMask = 2147483647;
			files = (
			);
			inputPaths = (
			);
			name = "Copy Pods Resources";
			outputPaths = (
			);
			runOnlyForDeploymentPostprocessing = 0;
			shellPath = /bin/sh;
			shellScript = "\"${SRCROOT}/Pods/Target Support Files/Pods-FireDataTests/Pods-FireDataTests-resources.sh\"\n";
			showEnvVarsInLog = 0;
		};
/* End PBXShellScriptBuildPhase section */

/* Begin PBXSourcesBuildPhase section */
		ABBDD08416FA31DB002D7BE3 /* Sources */ = {
			isa = PBXSourcesBuildPhase;
			buildActionMask = 2147483647;
			files = (
				ABBDD09316FA31DB002D7BE3 /* FireData.m in Sources */,
				FE61B50D1BA24B2D00355A26 /* CoreDataManager.m in Sources */,
				ABBDD0C016FA359E002D7BE3 /* NSManagedObject+FireData.m in Sources */,
				ABBDD13416FA392D002D7BE3 /* FireDataISO8601DateFormatter.m in Sources */,
			);
			runOnlyForDeploymentPostprocessing = 0;
		};
		ABBDD09416FA31DC002D7BE3 /* Sources */ = {
			isa = PBXSourcesBuildPhase;
			buildActionMask = 2147483647;
			files = (
				FE61B4D41BA2418400355A26 /* FireData.m in Sources */,
				FE61B4D61BA2418A00355A26 /* NSManagedObject+FireData.m in Sources */,
				FE17945A1B5834D700FF63BD /* FireDataSpec.m in Sources */,
				25231BDEAAE9C525C764B979 /* FirebaseMock.m in Sources */,
				FE61B4D71BA2419300355A26 /* FireDataISO8601DateFormatter.m in Sources */,
			);
			runOnlyForDeploymentPostprocessing = 0;
		};
		FE61B4C11BA2410F00355A26 /* Sources */ = {
			isa = PBXSourcesBuildPhase;
			buildActionMask = 2147483647;
			files = (
				FE61B4D51BA2418500355A26 /* FireData.m in Sources */,
				FE61B50F1BA24B4400355A26 /* DataModel.xcdatamodeld in Sources */,
				A4DD1C3C1BBF2E1700118A61 /* SomeOtherEntity+CoreDataProperties.m in Sources */,
				FE61B50E1BA24B3800355A26 /* CoreDataManager.m in Sources */,
				FE61B4C41BA2410F00355A26 /* NSManagedObject+FireData.m in Sources */,
				FE61B4C51BA2410F00355A26 /* FireDataISO8601DateFormatter.m in Sources */,
				FE61B5081BA2451D00355A26 /* SomeEntity.m in Sources */,
				A4DD1C3D1BBF2E1700118A61 /* SomeOtherEntity.m in Sources */,
				FE61B5071BA2451D00355A26 /* SomeEntity+CoreDataProperties.m in Sources */,
				FE61B4D91BA242DD00355A26 /* FireDataIntegrationSpec.m in Sources */,
			);
			runOnlyForDeploymentPostprocessing = 0;
		};
/* End PBXSourcesBuildPhase section */

/* Begin PBXTargetDependency section */
		ABBDD0A016FA31DC002D7BE3 /* PBXTargetDependency */ = {
			isa = PBXTargetDependency;
			target = ABBDD08716FA31DB002D7BE3 /* FireData */;
			targetProxy = ABBDD09F16FA31DC002D7BE3 /* PBXContainerItemProxy */;
		};
		ABBDD14116FA4383002D7BE3 /* PBXTargetDependency */ = {
			isa = PBXTargetDependency;
			target = ABBDD08716FA31DB002D7BE3 /* FireData */;
			targetProxy = ABBDD14016FA4383002D7BE3 /* PBXContainerItemProxy */;
		};
		FE61B4BE1BA2410F00355A26 /* PBXTargetDependency */ = {
			isa = PBXTargetDependency;
			target = ABBDD08716FA31DB002D7BE3 /* FireData */;
			targetProxy = FE61B4BF1BA2410F00355A26 /* PBXContainerItemProxy */;
		};
/* End PBXTargetDependency section */

/* Begin PBXVariantGroup section */
		ABBDD0A516FA31DC002D7BE3 /* InfoPlist.strings */ = {
			isa = PBXVariantGroup;
			children = (
				ABBDD0A616FA31DC002D7BE3 /* en */,
			);
			name = InfoPlist.strings;
			sourceTree = "<group>";
		};
/* End PBXVariantGroup section */

/* Begin XCBuildConfiguration section */
		ABBDD0AB16FA31DC002D7BE3 /* Debug */ = {
			isa = XCBuildConfiguration;
			buildSettings = {
				ALWAYS_SEARCH_USER_PATHS = NO;
				CLANG_CXX_LANGUAGE_STANDARD = "gnu++0x";
				CLANG_CXX_LIBRARY = "libc++";
				CLANG_ENABLE_OBJC_ARC = YES;
				CLANG_WARN_CONSTANT_CONVERSION = YES;
				CLANG_WARN_EMPTY_BODY = YES;
				CLANG_WARN_ENUM_CONVERSION = YES;
				CLANG_WARN_INT_CONVERSION = YES;
				CLANG_WARN__DUPLICATE_METHOD_MATCH = YES;
				COPY_PHASE_STRIP = NO;
				DEAD_CODE_STRIPPING = NO;
				ENABLE_TESTABILITY = YES;
				GCC_C_LANGUAGE_STANDARD = gnu99;
				GCC_DYNAMIC_NO_PIC = NO;
				GCC_OPTIMIZATION_LEVEL = 0;
				GCC_PREPROCESSOR_DEFINITIONS = (
					"DEBUG=1",
					"$(inherited)",
				);
				GCC_SYMBOLS_PRIVATE_EXTERN = NO;
				GCC_WARN_ABOUT_RETURN_TYPE = YES;
				GCC_WARN_UNINITIALIZED_AUTOS = YES;
				GCC_WARN_UNUSED_VARIABLE = YES;
				IPHONEOS_DEPLOYMENT_TARGET = 7.0;
				ONLY_ACTIVE_ARCH = YES;
				SDKROOT = iphoneos;
				STRIP_STYLE = "non-global";
			};
			name = Debug;
		};
		ABBDD0AC16FA31DC002D7BE3 /* Release */ = {
			isa = XCBuildConfiguration;
			buildSettings = {
				ALWAYS_SEARCH_USER_PATHS = NO;
				CLANG_CXX_LANGUAGE_STANDARD = "gnu++0x";
				CLANG_CXX_LIBRARY = "libc++";
				CLANG_ENABLE_OBJC_ARC = YES;
				CLANG_WARN_CONSTANT_CONVERSION = YES;
				CLANG_WARN_EMPTY_BODY = YES;
				CLANG_WARN_ENUM_CONVERSION = YES;
				CLANG_WARN_INT_CONVERSION = YES;
				CLANG_WARN__DUPLICATE_METHOD_MATCH = YES;
				COPY_PHASE_STRIP = NO;
				DEAD_CODE_STRIPPING = NO;
				GCC_C_LANGUAGE_STANDARD = gnu99;
				GCC_WARN_ABOUT_RETURN_TYPE = YES;
				GCC_WARN_UNINITIALIZED_AUTOS = YES;
				GCC_WARN_UNUSED_VARIABLE = YES;
				IPHONEOS_DEPLOYMENT_TARGET = 7.0;
				SDKROOT = iphoneos;
				STRIP_STYLE = "non-global";
				VALIDATE_PRODUCT = YES;
			};
			name = Release;
		};
		ABBDD0AE16FA31DC002D7BE3 /* Debug */ = {
			isa = XCBuildConfiguration;
			baseConfigurationReference = 345B1B46646448A3A3074F8C /* Pods.debug.xcconfig */;
			buildSettings = {
				DSTROOT = /tmp/FireData.dst;
				FRAMEWORK_SEARCH_PATHS = (
					"$(inherited)",
					"\"$(SRCROOT)/Vendor/Firebase\"",
				);
				GCC_PRECOMPILE_PREFIX_HEADER = YES;
				GCC_PREFIX_HEADER = "FireData/FireData-Prefix.pch";
				PRODUCT_NAME = "$(TARGET_NAME)";
				PUBLIC_HEADERS_FOLDER_PATH = Headers;
				SKIP_INSTALL = YES;
			};
			name = Debug;
		};
		ABBDD0AF16FA31DC002D7BE3 /* Release */ = {
			isa = XCBuildConfiguration;
			baseConfigurationReference = 9EFB7545209483DB95D4816C /* Pods.release.xcconfig */;
			buildSettings = {
				DSTROOT = /tmp/FireData.dst;
				FRAMEWORK_SEARCH_PATHS = (
					"$(inherited)",
					"\"$(SRCROOT)/Vendor/Firebase\"",
				);
				GCC_PRECOMPILE_PREFIX_HEADER = YES;
				GCC_PREFIX_HEADER = "FireData/FireData-Prefix.pch";
				PRODUCT_NAME = "$(TARGET_NAME)";
				PUBLIC_HEADERS_FOLDER_PATH = Headers;
				SKIP_INSTALL = YES;
			};
			name = Release;
		};
		ABBDD0B116FA31DC002D7BE3 /* Debug */ = {
			isa = XCBuildConfiguration;
			baseConfigurationReference = 35EB57860265702938F33491 /* Pods-FireDataTests.debug.xcconfig */;
			buildSettings = {
				GCC_PRECOMPILE_PREFIX_HEADER = YES;
				GCC_PREFIX_HEADER = "FireData/FireData-Prefix.pch";
				INFOPLIST_FILE = "FireDataTests/FireDataTests-Info.plist";
				PRODUCT_BUNDLE_IDENTIFIER = "com.overcommitted.${PRODUCT_NAME:rfc1034identifier}";
				PRODUCT_NAME = "$(TARGET_NAME)";
			};
			name = Debug;
		};
		ABBDD0B216FA31DC002D7BE3 /* Release */ = {
			isa = XCBuildConfiguration;
			baseConfigurationReference = FA00FC918A10DBECB5FF9CF4 /* Pods-FireDataTests.release.xcconfig */;
			buildSettings = {
				GCC_PRECOMPILE_PREFIX_HEADER = YES;
				GCC_PREFIX_HEADER = "FireData/FireData-Prefix.pch";
				INFOPLIST_FILE = "FireDataTests/FireDataTests-Info.plist";
				PRODUCT_BUNDLE_IDENTIFIER = "com.overcommitted.${PRODUCT_NAME:rfc1034identifier}";
				PRODUCT_NAME = "$(TARGET_NAME)";
			};
			name = Release;
		};
		ABBDD13E16FA4376002D7BE3 /* Debug */ = {
			isa = XCBuildConfiguration;
			buildSettings = {
				ONLY_ACTIVE_ARCH = NO;
				PRODUCT_NAME = "$(TARGET_NAME)";
			};
			name = Debug;
		};
		ABBDD13F16FA4376002D7BE3 /* Release */ = {
			isa = XCBuildConfiguration;
			buildSettings = {
				ONLY_ACTIVE_ARCH = NO;
				PRODUCT_NAME = "$(TARGET_NAME)";
			};
			name = Release;
		};
		FE61B4D01BA2410F00355A26 /* Debug */ = {
			isa = XCBuildConfiguration;
			baseConfigurationReference = 35EB57860265702938F33491 /* Pods-FireDataTests.debug.xcconfig */;
			buildSettings = {
				GCC_PRECOMPILE_PREFIX_HEADER = YES;
				GCC_PREFIX_HEADER = "FireData/FireData-Prefix.pch";
				INFOPLIST_FILE = "FireDataTests copy-Info.plist";
				PRODUCT_BUNDLE_IDENTIFIER = "com.overcommitted.${PRODUCT_NAME:rfc1034identifier}";
				PRODUCT_NAME = "$(TARGET_NAME)";
			};
			name = Debug;
		};
		FE61B4D11BA2410F00355A26 /* Release */ = {
			isa = XCBuildConfiguration;
			baseConfigurationReference = FA00FC918A10DBECB5FF9CF4 /* Pods-FireDataTests.release.xcconfig */;
			buildSettings = {
				GCC_PRECOMPILE_PREFIX_HEADER = YES;
				GCC_PREFIX_HEADER = "FireData/FireData-Prefix.pch";
				INFOPLIST_FILE = "FireDataTests copy-Info.plist";
				PRODUCT_BUNDLE_IDENTIFIER = "com.overcommitted.${PRODUCT_NAME:rfc1034identifier}";
				PRODUCT_NAME = "$(TARGET_NAME)";
			};
			name = Release;
		};
/* End XCBuildConfiguration section */

/* Begin XCConfigurationList section */
		ABBDD08316FA31DB002D7BE3 /* Build configuration list for PBXProject "FireData" */ = {
			isa = XCConfigurationList;
			buildConfigurations = (
				ABBDD0AB16FA31DC002D7BE3 /* Debug */,
				ABBDD0AC16FA31DC002D7BE3 /* Release */,
			);
			defaultConfigurationIsVisible = 0;
			defaultConfigurationName = Release;
		};
		ABBDD0AD16FA31DC002D7BE3 /* Build configuration list for PBXNativeTarget "FireData" */ = {
			isa = XCConfigurationList;
			buildConfigurations = (
				ABBDD0AE16FA31DC002D7BE3 /* Debug */,
				ABBDD0AF16FA31DC002D7BE3 /* Release */,
			);
			defaultConfigurationIsVisible = 0;
			defaultConfigurationName = Release;
		};
		ABBDD0B016FA31DC002D7BE3 /* Build configuration list for PBXNativeTarget "FireDataTests" */ = {
			isa = XCConfigurationList;
			buildConfigurations = (
				ABBDD0B116FA31DC002D7BE3 /* Debug */,
				ABBDD0B216FA31DC002D7BE3 /* Release */,
			);
			defaultConfigurationIsVisible = 0;
			defaultConfigurationName = Release;
		};
		ABBDD13D16FA4376002D7BE3 /* Build configuration list for PBXAggregateTarget "Framework" */ = {
			isa = XCConfigurationList;
			buildConfigurations = (
				ABBDD13E16FA4376002D7BE3 /* Debug */,
				ABBDD13F16FA4376002D7BE3 /* Release */,
			);
			defaultConfigurationIsVisible = 0;
			defaultConfigurationName = Release;
		};
		FE61B4CF1BA2410F00355A26 /* Build configuration list for PBXNativeTarget "IntegrationTests" */ = {
			isa = XCConfigurationList;
			buildConfigurations = (
				FE61B4D01BA2410F00355A26 /* Debug */,
				FE61B4D11BA2410F00355A26 /* Release */,
			);
			defaultConfigurationIsVisible = 0;
			defaultConfigurationName = Release;
		};
/* End XCConfigurationList section */

/* Begin XCVersionGroup section */
		FE61B5001BA244D600355A26 /* DataModel.xcdatamodeld */ = {
			isa = XCVersionGroup;
			children = (
				FE61B5011BA244D600355A26 /* DataModel.xcdatamodel */,
			);
			currentVersion = FE61B5011BA244D600355A26 /* DataModel.xcdatamodel */;
			path = DataModel.xcdatamodeld;
			sourceTree = "<group>";
			versionGroupType = wrapper.xcdatamodel;
		};
/* End XCVersionGroup section */
	};
	rootObject = ABBDD08016FA31DB002D7BE3 /* Project object */;
}
